
Microsoft Visual Studio Solution File, Format Version 12.00
# Visual Studio Version 17
VisualStudioVersion = 17.0.31903.59
MinimumVisualStudioVersion = 10.0.40219.1
Project("{2150E333-8FDC-42A3-9474-1A3956D46DE8}") = "src", "src", "{827E0CD3-B72D-47B6-A68D-7590B98EB39B}"
EndProject
Project("{FAE04EC0-301F-11D3-BF4B-00C04F79EFBC}") = "PeopleRegistry.Api", "src\PeopleRegistry.Api\PeopleRegistry.Api.csproj", "{7BF79FE4-C2D9-4429-B0F7-26AF18289AAD}"
EndProject
Project("{FAE04EC0-301F-11D3-BF4B-00C04F79EFBC}") = "PeopleRegistry.Application", "src\PeopleRegistry.Application\PeopleRegistry.Application.csproj", "{D88B41B1-BD64-408C-9BDC-9CED6DADEEEB}"
EndProject
Project("{FAE04EC0-301F-11D3-BF4B-00C04F79EFBC}") = "PeopleRegistry.Communication", "src\PeopleRegistry.Communication\PeopleRegistry.Communication.csproj", "{84FBC94B-2BAF-495D-B19F-991587BFC49F}"
EndProject
Project("{FAE04EC0-301F-11D3-BF4B-00C04F79EFBC}") = "PeopleRegistry.Domain", "src\PeopleRegistry.Domain\PeopleRegistry.Domain.csproj", "{7C2E1A8E-AF56-4803-9664-EC437534CA75}"
EndProject
Project("{FAE04EC0-301F-11D3-BF4B-00C04F79EFBC}") = "PeopleRegistry.Exception", "src\PeopleRegistry.Exception\PeopleRegistry.Exception.csproj", "{C96DA84D-41A0-45CD-8C73-AD82EC079003}"
EndProject
Project("{FAE04EC0-301F-11D3-BF4B-00C04F79EFBC}") = "PeopleRegistry.Infrastructure", "src\PeopleRegistry.Infrastructure\PeopleRegistry.Infrastructure.csproj", "{C83B3411-5247-4E85-A9F4-4B8E9156F3BF}"
EndProject
Project("{2150E333-8FDC-42A3-9474-1A3956D46DE8}") = "tests", "tests", "{0AB3BF05-4346-4AA6-1389-037BE0695223}"
EndProject
Project("{FAE04EC0-301F-11D3-BF4B-00C04F79EFBC}") = "PeopleRegistry.CommonTestUtilities", "tests\PeopleRegistry.CommonTestUtilities\PeopleRegistry.CommonTestUtilities.csproj", "{E2202923-8742-43E3-A03E-97B288EA28F3}"
EndProject
Project("{FAE04EC0-301F-11D3-BF4B-00C04F79EFBC}") = "PeopleRegistry.Validators.Tests", "tests\PeopleRegistry.Validators.Tests\PeopleRegistry.Validators.Tests.csproj", "{49A57788-35AB-4704-8555-98C9FAB8D426}"
EndProject
Global
	GlobalSection(SolutionConfigurationPlatforms) = preSolution
		Debug|Any CPU = Debug|Any CPU
		Debug|x64 = Debug|x64
		Debug|x86 = Debug|x86
		Release|Any CPU = Release|Any CPU
		Release|x64 = Release|x64
		Release|x86 = Release|x86
	EndGlobalSection
	GlobalSection(ProjectConfigurationPlatforms) = postSolution
		{7BF79FE4-C2D9-4429-B0F7-26AF18289AAD}.Debug|Any CPU.ActiveCfg = Debug|Any CPU
		{7BF79FE4-C2D9-4429-B0F7-26AF18289AAD}.Debug|Any CPU.Build.0 = Debug|Any CPU
		{7BF79FE4-C2D9-4429-B0F7-26AF18289AAD}.Debug|x64.ActiveCfg = Debug|Any CPU
		{7BF79FE4-C2D9-4429-B0F7-26AF18289AAD}.Debug|x64.Build.0 = Debug|Any CPU
		{7BF79FE4-C2D9-4429-B0F7-26AF18289AAD}.Debug|x86.ActiveCfg = Debug|Any CPU
		{7BF79FE4-C2D9-4429-B0F7-26AF18289AAD}.Debug|x86.Build.0 = Debug|Any CPU
		{7BF79FE4-C2D9-4429-B0F7-26AF18289AAD}.Release|Any CPU.ActiveCfg = Release|Any CPU
		{7BF79FE4-C2D9-4429-B0F7-26AF18289AAD}.Release|Any CPU.Build.0 = Release|Any CPU
		{7BF79FE4-C2D9-4429-B0F7-26AF18289AAD}.Release|x64.ActiveCfg = Release|Any CPU
		{7BF79FE4-C2D9-4429-B0F7-26AF18289AAD}.Release|x64.Build.0 = Release|Any CPU
		{7BF79FE4-C2D9-4429-B0F7-26AF18289AAD}.Release|x86.ActiveCfg = Release|Any CPU
		{7BF79FE4-C2D9-4429-B0F7-26AF18289AAD}.Release|x86.Build.0 = Release|Any CPU
		{D88B41B1-BD64-408C-9BDC-9CED6DADEEEB}.Debug|Any CPU.ActiveCfg = Debug|Any CPU
		{D88B41B1-BD64-408C-9BDC-9CED6DADEEEB}.Debug|Any CPU.Build.0 = Debug|Any CPU
		{D88B41B1-BD64-408C-9BDC-9CED6DADEEEB}.Debug|x64.ActiveCfg = Debug|Any CPU
		{D88B41B1-BD64-408C-9BDC-9CED6DADEEEB}.Debug|x64.Build.0 = Debug|Any CPU
		{D88B41B1-BD64-408C-9BDC-9CED6DADEEEB}.Debug|x86.ActiveCfg = Debug|Any CPU
		{D88B41B1-BD64-408C-9BDC-9CED6DADEEEB}.Debug|x86.Build.0 = Debug|Any CPU
		{D88B41B1-BD64-408C-9BDC-9CED6DADEEEB}.Release|Any CPU.ActiveCfg = Release|Any CPU
		{D88B41B1-BD64-408C-9BDC-9CED6DADEEEB}.Release|Any CPU.Build.0 = Release|Any CPU
		{D88B41B1-BD64-408C-9BDC-9CED6DADEEEB}.Release|x64.ActiveCfg = Release|Any CPU
		{D88B41B1-BD64-408C-9BDC-9CED6DADEEEB}.Release|x64.Build.0 = Release|Any CPU
		{D88B41B1-BD64-408C-9BDC-9CED6DADEEEB}.Release|x86.ActiveCfg = Release|Any CPU
		{D88B41B1-BD64-408C-9BDC-9CED6DADEEEB}.Release|x86.Build.0 = Release|Any CPU
		{84FBC94B-2BAF-495D-B19F-991587BFC49F}.Debug|Any CPU.ActiveCfg = Debug|Any CPU
		{84FBC94B-2BAF-495D-B19F-991587BFC49F}.Debug|Any CPU.Build.0 = Debug|Any CPU
		{84FBC94B-2BAF-495D-B19F-991587BFC49F}.Debug|x64.ActiveCfg = Debug|Any CPU
		{84FBC94B-2BAF-495D-B19F-991587BFC49F}.Debug|x64.Build.0 = Debug|Any CPU
		{84FBC94B-2BAF-495D-B19F-991587BFC49F}.Debug|x86.ActiveCfg = Debug|Any CPU
		{84FBC94B-2BAF-495D-B19F-991587BFC49F}.Debug|x86.Build.0 = Debug|Any CPU
		{84FBC94B-2BAF-495D-B19F-991587BFC49F}.Release|Any CPU.ActiveCfg = Release|Any CPU
		{84FBC94B-2BAF-495D-B19F-991587BFC49F}.Release|Any CPU.Build.0 = Release|Any CPU
		{84FBC94B-2BAF-495D-B19F-991587BFC49F}.Release|x64.ActiveCfg = Release|Any CPU
		{84FBC94B-2BAF-495D-B19F-991587BFC49F}.Release|x64.Build.0 = Release|Any CPU
		{84FBC94B-2BAF-495D-B19F-991587BFC49F}.Release|x86.ActiveCfg = Release|Any CPU
		{84FBC94B-2BAF-495D-B19F-991587BFC49F}.Release|x86.Build.0 = Release|Any CPU
		{7C2E1A8E-AF56-4803-9664-EC437534CA75}.Debug|Any CPU.ActiveCfg = Debug|Any CPU
		{7C2E1A8E-AF56-4803-9664-EC437534CA75}.Debug|Any CPU.Build.0 = Debug|Any CPU
		{7C2E1A8E-AF56-4803-9664-EC437534CA75}.Debug|x64.ActiveCfg = Debug|Any CPU
		{7C2E1A8E-AF56-4803-9664-EC437534CA75}.Debug|x64.Build.0 = Debug|Any CPU
		{7C2E1A8E-AF56-4803-9664-EC437534CA75}.Debug|x86.ActiveCfg = Debug|Any CPU
		{7C2E1A8E-AF56-4803-9664-EC437534CA75}.Debug|x86.Build.0 = Debug|Any CPU
		{7C2E1A8E-AF56-4803-9664-EC437534CA75}.Release|Any CPU.ActiveCfg = Release|Any CPU
		{7C2E1A8E-AF56-4803-9664-EC437534CA75}.Release|Any CPU.Build.0 = Release|Any CPU
		{7C2E1A8E-AF56-4803-9664-EC437534CA75}.Release|x64.ActiveCfg = Release|Any CPU
		{7C2E1A8E-AF56-4803-9664-EC437534CA75}.Release|x64.Build.0 = Release|Any CPU
		{7C2E1A8E-AF56-4803-9664-EC437534CA75}.Release|x86.ActiveCfg = Release|Any CPU
		{7C2E1A8E-AF56-4803-9664-EC437534CA75}.Release|x86.Build.0 = Release|Any CPU
		{C96DA84D-41A0-45CD-8C73-AD82EC079003}.Debug|Any CPU.ActiveCfg = Debug|Any CPU
		{C96DA84D-41A0-45CD-8C73-AD82EC079003}.Debug|Any CPU.Build.0 = Debug|Any CPU
		{C96DA84D-41A0-45CD-8C73-AD82EC079003}.Debug|x64.ActiveCfg = Debug|Any CPU
		{C96DA84D-41A0-45CD-8C73-AD82EC079003}.Debug|x64.Build.0 = Debug|Any CPU
		{C96DA84D-41A0-45CD-8C73-AD82EC079003}.Debug|x86.ActiveCfg = Debug|Any CPU
		{C96DA84D-41A0-45CD-8C73-AD82EC079003}.Debug|x86.Build.0 = Debug|Any CPU
		{C96DA84D-41A0-45CD-8C73-AD82EC079003}.Release|Any CPU.ActiveCfg = Release|Any CPU
		{C96DA84D-41A0-45CD-8C73-AD82EC079003}.Release|Any CPU.Build.0 = Release|Any CPU
		{C96DA84D-41A0-45CD-8C73-AD82EC079003}.Release|x64.ActiveCfg = Release|Any CPU
		{C96DA84D-41A0-45CD-8C73-AD82EC079003}.Release|x64.Build.0 = Release|Any CPU
		{C96DA84D-41A0-45CD-8C73-AD82EC079003}.Release|x86.ActiveCfg = Release|Any CPU
		{C96DA84D-41A0-45CD-8C73-AD82EC079003}.Release|x86.Build.0 = Release|Any CPU
		{C83B3411-5247-4E85-A9F4-4B8E9156F3BF}.Debug|Any CPU.ActiveCfg = Debug|Any CPU
		{C83B3411-5247-4E85-A9F4-4B8E9156F3BF}.Debug|Any CPU.Build.0 = Debug|Any CPU
		{C83B3411-5247-4E85-A9F4-4B8E9156F3BF}.Debug|x64.ActiveCfg = Debug|Any CPU
		{C83B3411-5247-4E85-A9F4-4B8E9156F3BF}.Debug|x64.Build.0 = Debug|Any CPU
		{C83B3411-5247-4E85-A9F4-4B8E9156F3BF}.Debug|x86.ActiveCfg = Debug|Any CPU
		{C83B3411-5247-4E85-A9F4-4B8E9156F3BF}.Debug|x86.Build.0 = Debug|Any CPU
		{C83B3411-5247-4E85-A9F4-4B8E9156F3BF}.Release|Any CPU.ActiveCfg = Release|Any CPU
		{C83B3411-5247-4E85-A9F4-4B8E9156F3BF}.Release|Any CPU.Build.0 = Release|Any CPU
		{C83B3411-5247-4E85-A9F4-4B8E9156F3BF}.Release|x64.ActiveCfg = Release|Any CPU
		{C83B3411-5247-4E85-A9F4-4B8E9156F3BF}.Release|x64.Build.0 = Release|Any CPU
		{C83B3411-5247-4E85-A9F4-4B8E9156F3BF}.Release|x86.ActiveCfg = Release|Any CPU
		{C83B3411-5247-4E85-A9F4-4B8E9156F3BF}.Release|x86.Build.0 = Release|Any CPU
		{E2202923-8742-43E3-A03E-97B288EA28F3}.Debug|Any CPU.ActiveCfg = Debug|Any CPU
		{E2202923-8742-43E3-A03E-97B288EA28F3}.Debug|Any CPU.Build.0 = Debug|Any CPU
		{E2202923-8742-43E3-A03E-97B288EA28F3}.Debug|x64.ActiveCfg = Debug|Any CPU
		{E2202923-8742-43E3-A03E-97B288EA28F3}.Debug|x64.Build.0 = Debug|Any CPU
		{E2202923-8742-43E3-A03E-97B288EA28F3}.Debug|x86.ActiveCfg = Debug|Any CPU
		{E2202923-8742-43E3-A03E-97B288EA28F3}.Debug|x86.Build.0 = Debug|Any CPU
		{E2202923-8742-43E3-A03E-97B288EA28F3}.Release|Any CPU.ActiveCfg = Release|Any CPU
		{E2202923-8742-43E3-A03E-97B288EA28F3}.Release|Any CPU.Build.0 = Release|Any CPU
		{E2202923-8742-43E3-A03E-97B288EA28F3}.Release|x64.ActiveCfg = Release|Any CPU
		{E2202923-8742-43E3-A03E-97B288EA28F3}.Release|x64.Build.0 = Release|Any CPU
		{E2202923-8742-43E3-A03E-97B288EA28F3}.Release|x86.ActiveCfg = Release|Any CPU
		{E2202923-8742-43E3-A03E-97B288EA28F3}.Release|x86.Build.0 = Release|Any CPU
		{49A57788-35AB-4704-8555-98C9FAB8D426}.Debug|Any CPU.ActiveCfg = Debug|Any CPU
		{49A57788-35AB-4704-8555-98C9FAB8D426}.Debug|Any CPU.Build.0 = Debug|Any CPU
		{49A57788-35AB-4704-8555-98C9FAB8D426}.Debug|x64.ActiveCfg = Debug|Any CPU
		{49A57788-35AB-4704-8555-98C9FAB8D426}.Debug|x64.Build.0 = Debug|Any CPU
		{49A57788-35AB-4704-8555-98C9FAB8D426}.Debug|x86.ActiveCfg = Debug|Any CPU
		{49A57788-35AB-4704-8555-98C9FAB8D426}.Debug|x86.Build.0 = Debug|Any CPU
		{49A57788-35AB-4704-8555-98C9FAB8D426}.Release|Any CPU.ActiveCfg = Release|Any CPU
		{49A57788-35AB-4704-8555-98C9FAB8D426}.Release|Any CPU.Build.0 = Release|Any CPU
		{49A57788-35AB-4704-8555-98C9FAB8D426}.Release|x64.ActiveCfg = Release|Any CPU
		{49A57788-35AB-4704-8555-98C9FAB8D426}.Release|x64.Build.0 = Release|Any CPU
		{49A57788-35AB-4704-8555-98C9FAB8D426}.Release|x86.ActiveCfg = Release|Any CPU
		{49A57788-35AB-4704-8555-98C9FAB8D426}.Release|x86.Build.0 = Release|Any CPU
	EndGlobalSection
	GlobalSection(SolutionProperties) = preSolution
		HideSolutionNode = FALSE
	EndGlobalSection
	GlobalSection(NestedProjects) = preSolution
		{7BF79FE4-C2D9-4429-B0F7-26AF18289AAD} = {827E0CD3-B72D-47B6-A68D-7590B98EB39B}
		{D88B41B1-BD64-408C-9BDC-9CED6DADEEEB} = {827E0CD3-B72D-47B6-A68D-7590B98EB39B}
		{84FBC94B-2BAF-495D-B19F-991587BFC49F} = {827E0CD3-B72D-47B6-A68D-7590B98EB39B}
		{7C2E1A8E-AF56-4803-9664-EC437534CA75} = {827E0CD3-B72D-47B6-A68D-7590B98EB39B}
		{C96DA84D-41A0-45CD-8C73-AD82EC079003} = {827E0CD3-B72D-47B6-A68D-7590B98EB39B}
		{C83B3411-5247-4E85-A9F4-4B8E9156F3BF} = {827E0CD3-B72D-47B6-A68D-7590B98EB39B}
		{E2202923-8742-43E3-A03E-97B288EA28F3} = {0AB3BF05-4346-4AA6-1389-037BE0695223}
		{49A57788-35AB-4704-8555-98C9FAB8D426} = {0AB3BF05-4346-4AA6-1389-037BE0695223}
	EndGlobalSection
EndGlobal
